{
  "nodes": {
    "nixpkgs": {
      "locked": {
        "lastModified": 1787848966,
        "narHash": "sha256-pbm8BrmtI4lOXt2syJ3FP12LjybYuiTdUO0GQrbQMk0=",
        "rev": "d57af924f160a5084293c71c2043f058bd1cdb60",
        "type": "tarball",
        "url": "https://releases.nixos.org/nixos/26.05/nixos-26.05.8538.d57af924f160/nixexprs.tar.xz"
      },
      "original": {
        "type": "tarball",
        "url": "https://channels.nixos.org/nixos-26.05/nixexprs.tar.xz"
      }
    },
    "root": {
      "inputs": {
        "nixpkgs": "nixpkgs"
      }
    }
  },
  "root": "root",
  "version": 7
}
